
Microsoft Visual Studio Solution File, Format Version 12.00
# Visual Studio Version 17
VisualStudioVersion = 17.0.32014.148
MinimumVisualStudioVersion = 10.0.40219.1
Project("{FAE04EC0-301F-11D3-BF4B-00C04F79EFBC}") = "FSC-CNest", "FSC-CNest\FSC-CNest.csproj", "{96D77DD3-5B3B-4177-BCB4-FC6C0EBAAB44}"
EndProject
Global
	GlobalSection(SolutionConfigurationPlatforms) = preSolution
		Debug|Any CPU = Debug|Any CPU
		Release|Any CPU = Release|Any CPU
	EndGlobalSection
	GlobalSection(ProjectConfigurationPlatforms) = postSolution
		{96D77DD3-5B3B-4177-BCB4-FC6C0EBAAB44}.Debug|Any CPU.ActiveCfg = Debug|Any CPU
		{96D77DD3-5B3B-4177-BCB4-FC6C0EBAAB44}.Debug|Any CPU.Build.0 = Debug|Any CPU
		{96D77DD3-5B3B-4177-BCB4-FC6C0EBAAB44}.Release|Any CPU.ActiveCfg = Release|Any CPU
		{96D77DD3-5B3B-4177-BCB4-FC6C0EBAAB44}.Release|Any CPU.Build.0 = Release|Any CPU
	EndGlobalSection
	GlobalSection(SolutionProperties) = preSolution
		HideSolutionNode = FALSE
	EndGlobalSection
	GlobalSection(ExtensibilityGlobals) = postSolution
		SolutionGuid = {0A9274F6-215B-4590-864F-2D0D58FAA042}
	EndGlobalSection
EndGlobal
